
Microsoft Visual Studio Solution File, Format Version 12.00
# Visual Studio 15
VisualStudioVersion = 15.0.28010.2003
MinimumVisualStudioVersion = 10.0.40219.1
Project("{FAE04EC0-301F-11D3-BF4B-00C04F79EFBC}") = "Class_and_object", "Class_and_object\Class_and_object.csproj", "{32224433-2789-467D-8391-3ADB5768BED1}"
EndProject
Global
	GlobalSection(SolutionConfigurationPlatforms) = preSolution
		Debug|Any CPU = Debug|Any CPU
		Release|Any CPU = Release|Any CPU
	EndGlobalSection
	GlobalSection(ProjectConfigurationPlatforms) = postSolution
		{32224433-2789-467D-8391-3ADB5768BED1}.Debug|Any CPU.ActiveCfg = Debug|Any CPU
		{32224433-2789-467D-8391-3ADB5768BED1}.Debug|Any CPU.Build.0 = Debug|Any CPU
		{32224433-2789-467D-8391-3ADB5768BED1}.Release|Any CPU.ActiveCfg = Release|Any CPU
		{32224433-2789-467D-8391-3ADB5768BED1}.Release|Any CPU.Build.0 = Release|Any CPU
	EndGlobalSection
	GlobalSection(SolutionProperties) = preSolution
		HideSolutionNode = FALSE
	EndGlobalSection
	GlobalSection(ExtensibilityGlobals) = postSolution
		SolutionGuid = {585327D6-8015-4D0C-8D53-34B37C2DC87B}
	EndGlobalSection
EndGlobal
