
Microsoft Visual Studio Solution File, Format Version 12.00
# Visual Studio 15
VisualStudioVersion = 15.0.28010.2003
MinimumVisualStudioVersion = 10.0.40219.1
Project("{FAE04EC0-301F-11D3-BF4B-00C04F79EFBC}") = "delegados", "delegados\delegados.csproj", "{A89A9BF2-929F-41FD-8523-688738F8CA44}"
EndProject
Global
	GlobalSection(SolutionConfigurationPlatforms) = preSolution
		Debug|Any CPU = Debug|Any CPU
		Release|Any CPU = Release|Any CPU
	EndGlobalSection
	GlobalSection(ProjectConfigurationPlatforms) = postSolution
		{A89A9BF2-929F-41FD-8523-688738F8CA44}.Debug|Any CPU.ActiveCfg = Debug|Any CPU
		{A89A9BF2-929F-41FD-8523-688738F8CA44}.Debug|Any CPU.Build.0 = Debug|Any CPU
		{A89A9BF2-929F-41FD-8523-688738F8CA44}.Release|Any CPU.ActiveCfg = Release|Any CPU
		{A89A9BF2-929F-41FD-8523-688738F8CA44}.Release|Any CPU.Build.0 = Release|Any CPU
	EndGlobalSection
	GlobalSection(SolutionProperties) = preSolution
		HideSolutionNode = FALSE
	EndGlobalSection
	GlobalSection(ExtensibilityGlobals) = postSolution
		SolutionGuid = {205A14DF-BD0A-4DA7-B28E-8EA2C06BED6B}
	EndGlobalSection
EndGlobal
